
Microsoft Visual Studio Solution File, Format Version 12.00
# Visual Studio 14
VisualStudioVersion = 14.0.25123.0
MinimumVisualStudioVersion = 10.0.40219.1
Project("{FAE04EC0-301F-11D3-BF4B-00C04F79EFBC}") = "NVGAssignment", "NVGAssignment\NVGAssignment.csproj", "{1D7432AD-AF1C-4EB5-9385-964DEE77D056}"
EndProject
Project("{FAE04EC0-301F-11D3-BF4B-00C04F79EFBC}") = "NVGAssignment.Business", "NVGAssignment.Business\NVGAssignment.Business.csproj", "{A61B6449-C4F7-4002-BFE3-16E512E94E7C}"
EndProject
Project("{FAE04EC0-301F-11D3-BF4B-00C04F79EFBC}") = "NVGAssignment.Services", "NVGAssignment.Services\NVGAssignment.Services.csproj", "{5AA4B204-CBA1-4B80-A34B-9C0C603B3F03}"
EndProject
Project("{FAE04EC0-301F-11D3-BF4B-00C04F79EFBC}") = "NVGAssignment.DataLayer", "NVGAssignment.DataLayer\NVGAssignment.DataLayer.csproj", "{177B6F7A-523C-4393-96AC-AEBAB1EE3AF4}"
EndProject
Global
	GlobalSection(SolutionConfigurationPlatforms) = preSolution
		Debug|Any CPU = Debug|Any CPU
		Release|Any CPU = Release|Any CPU
	EndGlobalSection
	GlobalSection(ProjectConfigurationPlatforms) = postSolution
		{1D7432AD-AF1C-4EB5-9385-964DEE77D056}.Debug|Any CPU.ActiveCfg = Debug|Any CPU
		{1D7432AD-AF1C-4EB5-9385-964DEE77D056}.Debug|Any CPU.Build.0 = Debug|Any CPU
		{1D7432AD-AF1C-4EB5-9385-964DEE77D056}.Release|Any CPU.ActiveCfg = Release|Any CPU
		{1D7432AD-AF1C-4EB5-9385-964DEE77D056}.Release|Any CPU.Build.0 = Release|Any CPU
		{A61B6449-C4F7-4002-BFE3-16E512E94E7C}.Debug|Any CPU.ActiveCfg = Debug|Any CPU
		{A61B6449-C4F7-4002-BFE3-16E512E94E7C}.Debug|Any CPU.Build.0 = Debug|Any CPU
		{A61B6449-C4F7-4002-BFE3-16E512E94E7C}.Release|Any CPU.ActiveCfg = Release|Any CPU
		{A61B6449-C4F7-4002-BFE3-16E512E94E7C}.Release|Any CPU.Build.0 = Release|Any CPU
		{5AA4B204-CBA1-4B80-A34B-9C0C603B3F03}.Debug|Any CPU.ActiveCfg = Debug|Any CPU
		{5AA4B204-CBA1-4B80-A34B-9C0C603B3F03}.Debug|Any CPU.Build.0 = Debug|Any CPU
		{5AA4B204-CBA1-4B80-A34B-9C0C603B3F03}.Release|Any CPU.ActiveCfg = Release|Any CPU
		{5AA4B204-CBA1-4B80-A34B-9C0C603B3F03}.Release|Any CPU.Build.0 = Release|Any CPU
		{177B6F7A-523C-4393-96AC-AEBAB1EE3AF4}.Debug|Any CPU.ActiveCfg = Debug|Any CPU
		{177B6F7A-523C-4393-96AC-AEBAB1EE3AF4}.Debug|Any CPU.Build.0 = Debug|Any CPU
		{177B6F7A-523C-4393-96AC-AEBAB1EE3AF4}.Release|Any CPU.ActiveCfg = Release|Any CPU
		{177B6F7A-523C-4393-96AC-AEBAB1EE3AF4}.Release|Any CPU.Build.0 = Release|Any CPU
	EndGlobalSection
	GlobalSection(SolutionProperties) = preSolution
		HideSolutionNode = FALSE
	EndGlobalSection
EndGlobal
